{
  "originHash" : "19b7aaffb254a731a03d1bad5a69a03d4fc4f1505963029590932abfcadc56e9",
  "pins" : [
    {
      "identity" : "async-http-client",
      "kind" : "remoteSourceControl",
      "location" : "https://github.com/swift-server/async-http-client.git",
      "state" : {
        "revision" : "a22083713ee90808d527d0baa290c2fb13ca3096",
        "version" : "1.21.1"
      }
    },
    {
      "identity" : "async-kit",
      "kind" : "remoteSourceControl",
      "location" : "https://github.com/vapor/async-kit.git",
      "state" : {
        "revision" : "7ece208cd401687641c88367a00e3ea2b04311f1",
        "version" : "1.19.0"
      }
    },
    {
      "identity" : "cache",
      "kind" : "remoteSourceControl",
      "location" : "https://github.com/0xLeif/Cache.git",
      "state" : {
        "revision" : "a535c68aab7bf0b42bda7a5de66b04f86e48c6e6",
        "version" : "2.1.0"
      }
    },
    {
      "identity" : "canonicalpackageurl",
      "kind" : "remoteSourceControl",
      "location" : "https://github.com/SwiftPackageIndex/CanonicalPackageURL.git",
      "state" : {
        "revision" : "0652109907f980a4020e158f67d154424e3caa30",
        "version" : "0.0.8"
      }
    },
    {
      "identity" : "console-kit",
      "kind" : "remoteSourceControl",
      "location" : "https://github.com/vapor/console-kit.git",
      "state" : {
        "revision" : "9c24ac496c97cfb49c1bd5e7162008bb50abafc8",
        "version" : "4.14.2"
      }
    },
    {
      "identity" : "dependencyresolution",
      "kind" : "remoteSourceControl",
      "location" : "https://github.com/SwiftPackageIndex/DependencyResolution",
      "state" : {
        "revision" : "9e0373749a7577384c058a507716abc59edcbfb6",
        "version" : "1.2.0"
      }
    },
    {
      "identity" : "fluent",
      "kind" : "remoteSourceControl",
      "location" : "https://github.com/vapor/fluent.git",
      "state" : {
        "revision" : "a586a5d4164f23a0ee4e02e1f467b9bbef0c9f1c",
        "version" : "4.9.0"
      }
    },
    {
      "identity" : "fluent-kit",
      "kind" : "remoteSourceControl",
      "location" : "https://github.com/vapor/fluent-kit.git",
      "state" : {
        "revision" : "ed4cfa9edcadda3bf1b02a9842cfb60b8cf9b77b",
        "version" : "1.48.3"
      }
    },
    {
      "identity" : "fluent-postgres-driver",
      "kind" : "remoteSourceControl",
      "location" : "https://github.com/vapor/fluent-postgres-driver.git",
      "state" : {
        "revision" : "2cc10e86a743c66cd60082174f602e3c223543dc",
        "version" : "2.9.0"
      }
    },
    {
      "identity" : "ink",
      "kind" : "remoteSourceControl",
      "location" : "https://github.com/JohnSundell/Ink.git",
      "state" : {
        "revision" : "bcc9f219900a62c4210e6db726035d7f03ae757b",
        "version" : "0.6.0"
      }
    },
    {
      "identity" : "jmespath.swift",
      "kind" : "remoteSourceControl",
      "location" : "https://github.com/adam-fowler/jmespath.swift.git",
      "state" : {
        "revision" : "4513d319c4aaa6c3b2ac18e1e6566a803515ad91",
        "version" : "1.0.2"
      }
    },
    {
      "identity" : "jwt-kit",
      "kind" : "remoteSourceControl",
      "location" : "https://github.com/vapor/jwt-kit",
      "state" : {
        "revision" : "c2595b9ad7f512d7f334830b4df1fed6e917946a",
        "version" : "4.13.4"
      }
    },
    {
      "identity" : "multipart-kit",
      "kind" : "remoteSourceControl",
      "location" : "https://github.com/vapor/multipart-kit.git",
      "state" : {
        "revision" : "12ee56f25bd3fc4c2d09c2aa16e69de61dc786e8",
        "version" : "4.6.0"
      }
    },
    {
      "identity" : "plot",
      "kind" : "remoteSourceControl",
      "location" : "https://github.com/daveverwer/Plot.git",
      "state" : {
        "branch" : "sitemapindex",
        "revision" : "d4a416a8eca17485b93470bc86ae9b26d30ee6a2"
      }
    },
    {
      "identity" : "postgres-kit",
      "kind" : "remoteSourceControl",
      "location" : "https://github.com/vapor/postgres-kit.git",
      "state" : {
        "revision" : "ad8ae1eb12f953ec7c8180535b81a715a06ebbc6",
        "version" : "2.13.3"
      }
    },
    {
      "identity" : "postgres-nio",
      "kind" : "remoteSourceControl",
      "location" : "https://github.com/vapor/postgres-nio.git",
      "state" : {
        "revision" : "e345cbb9cf6052b37b27c0c4f976134fc01dbe15",
        "version" : "1.21.1"
      }
    },
    {
      "identity" : "routing-kit",
      "kind" : "remoteSourceControl",
      "location" : "https://github.com/vapor/routing-kit.git",
      "state" : {
        "revision" : "8c9a227476555c55837e569be71944e02a056b72",
        "version" : "4.9.1"
      }
    },
    {
      "identity" : "semanticversion",
      "kind" : "remoteSourceControl",
      "location" : "https://github.com/SwiftPackageIndex/SemanticVersion",
      "state" : {
        "revision" : "ea8eea9d89842a29af1b8e6c7677f1c86e72fa42",
        "version" : "0.4.0"
      }
    },
    {
      "identity" : "shellout",
      "kind" : "remoteSourceControl",
      "location" : "https://github.com/SwiftPackageIndex/ShellOut.git",
      "state" : {
        "revision" : "e862e8866c9d5d3fbc394aefdc8428f31c99355c",
        "version" : "3.1.4"
      }
    },
    {
      "identity" : "shellquote",
      "kind" : "remoteSourceControl",
      "location" : "https://github.com/SwiftPackageIndex/ShellQuote",
      "state" : {
        "revision" : "5f555550c30ef43d64b36b40c2c291a95d62580c",
        "version" : "1.0.2"
      }
    },
    {
      "identity" : "soto",
      "kind" : "remoteSourceControl",
      "location" : "https://github.com/soto-project/soto.git",
      "state" : {
        "revision" : "c28c3efa72e6beceae6f38f8c8fe18e7c57e3418",
        "version" : "6.8.0"
      }
    },
    {
      "identity" : "soto-core",
      "kind" : "remoteSourceControl",
      "location" : "https://github.com/soto-project/soto-core.git",
      "state" : {
        "revision" : "3ed66ec536bc372360d7e3ec39a5e8b1870747ea",
        "version" : "6.5.2"
      }
    },
    {
      "identity" : "spimanifest",
      "kind" : "remoteSourceControl",
      "location" : "https://github.com/SwiftPackageIndex/SPIManifest.git",
      "state" : {
        "revision" : "984f01f7a34a2db1ea5aa28d8ae4306f8e14b5c0",
        "version" : "1.4.1"
      }
    },
    {
      "identity" : "sql-kit",
      "kind" : "remoteSourceControl",
      "location" : "https://github.com/vapor/sql-kit.git",
      "state" : {
        "revision" : "9afdc96113b673819ccdc4819f77e901c698a87a",
        "version" : "3.29.3"
      }
    },
    {
      "identity" : "swift-algorithms",
      "kind" : "remoteSourceControl",
      "location" : "https://github.com/apple/swift-algorithms.git",
      "state" : {
        "revision" : "f6919dfc309e7f1b56224378b11e28bab5bccc42",
        "version" : "1.2.0"
      }
    },
    {
      "identity" : "swift-argument-parser",
      "kind" : "remoteSourceControl",
      "location" : "https://github.com/apple/swift-argument-parser.git",
      "state" : {
        "revision" : "8f4d2753f0e4778c76d5f05ad16c74f707390531",
        "version" : "1.2.3"
      }
    },
    {
      "identity" : "swift-asn1",
      "kind" : "remoteSourceControl",
      "location" : "https://github.com/apple/swift-asn1.git",
      "state" : {
        "revision" : "805deae27a7506dcad043604c00a9dc52d465dcb",
        "version" : "0.7.0"
      }
    },
    {
      "identity" : "swift-async-algorithms",
      "kind" : "remoteSourceControl",
      "location" : "https://github.com/apple/swift-async-algorithms.git",
      "state" : {
        "revision" : "da4e36f86544cdf733a40d59b3a2267e3a7bbf36",
        "version" : "1.0.0"
      }
    },
    {
      "identity" : "swift-atomics",
      "kind" : "remoteSourceControl",
      "location" : "https://github.com/apple/swift-atomics.git",
      "state" : {
        "revision" : "cd142fd2f64be2100422d658e7411e39489da985",
        "version" : "1.2.0"
      }
    },
    {
      "identity" : "swift-case-paths",
      "kind" : "remoteSourceControl",
      "location" : "https://github.com/pointfreeco/swift-case-paths",
      "state" : {
        "revision" : "8d712376c99fc0267aa0e41fea732babe365270a",
        "version" : "1.3.3"
      }
    },
    {
      "identity" : "swift-certificates",
      "kind" : "remoteSourceControl",
      "location" : "https://github.com/apple/swift-certificates.git",
      "state" : {
        "revision" : "35a7df2d9d71c401a47de9be2e3de629a01370c2",
        "version" : "0.4.1"
      }
    },
    {
      "identity" : "swift-collections",
      "kind" : "remoteSourceControl",
      "location" : "https://github.com/apple/swift-collections.git",
      "state" : {
        "revision" : "d029d9d39c87bed85b1c50adee7c41795261a192",
        "version" : "1.0.6"
      }
    },
    {
      "identity" : "swift-crypto",
      "kind" : "remoteSourceControl",
      "location" : "https://github.com/apple/swift-crypto.git",
      "state" : {
        "revision" : "33a20e650c33f6d72d822d558333f2085effa3dc",
        "version" : "2.5.0"
      }
    },
    {
      "identity" : "swift-custom-dump",
      "kind" : "remoteSourceControl",
      "location" : "https://github.com/pointfreeco/swift-custom-dump.git",
      "state" : {
        "revision" : "f01efb26f3a192a0e88dcdb7c3c391ec2fc25d9c",
        "version" : "1.3.0"
      }
    },
    {
      "identity" : "swift-driver",
      "kind" : "remoteSourceControl",
      "location" : "https://github.com/apple/swift-driver.git",
      "state" : {
        "branch" : "release/5.9",
        "revision" : "1b2b851ae4718caffa5f18fd1861bc0ddd1791a3"
      }
    },
    {
      "identity" : "swift-http-types",
      "kind" : "remoteSourceControl",
      "location" : "https://github.com/apple/swift-http-types",
      "state" : {
        "revision" : "9bee2fdb79cc740081abd8ebd80738063d632286",
        "version" : "1.1.0"
      }
    },
    {
      "identity" : "swift-llbuild",
      "kind" : "remoteSourceControl",
      "location" : "https://github.com/apple/swift-llbuild.git",
      "state" : {
        "branch" : "release/5.9",
        "revision" : "d73a305d6e5a82e4bf3bf1727da3d1376e87efab"
      }
    },
    {
      "identity" : "swift-log",
      "kind" : "remoteSourceControl",
      "location" : "https://github.com/apple/swift-log.git",
      "state" : {
        "revision" : "e97a6fcb1ab07462881ac165fdbb37f067e205d5",
        "version" : "1.5.4"
      }
    },
    {
      "identity" : "swift-metrics",
      "kind" : "remoteSourceControl",
      "location" : "https://github.com/apple/swift-metrics.git",
      "state" : {
        "revision" : "971ba26378ab69c43737ee7ba967a896cb74c0d1",
        "version" : "2.4.1"
      }
    },
    {
      "identity" : "swift-nio",
      "kind" : "remoteSourceControl",
      "location" : "https://github.com/apple/swift-nio.git",
      "state" : {
        "revision" : "702cd7c56d5d44eeba73fdf83918339b26dc855c",
        "version" : "2.62.0"
      }
    },
    {
      "identity" : "swift-nio-extras",
      "kind" : "remoteSourceControl",
      "location" : "https://github.com/apple/swift-nio-extras.git",
      "state" : {
        "revision" : "a3b640d7dc567225db7c94386a6e71aded1bfa63",
        "version" : "1.22.0"
      }
    },
    {
      "identity" : "swift-nio-http2",
      "kind" : "remoteSourceControl",
      "location" : "https://github.com/apple/swift-nio-http2.git",
      "state" : {
        "revision" : "c6afe04165c865faaa687b42c32ed76dfcc91076",
        "version" : "1.31.0"
      }
    },
    {
      "identity" : "swift-nio-ssl",
      "kind" : "remoteSourceControl",
      "location" : "https://github.com/apple/swift-nio-ssl.git",
      "state" : {
        "revision" : "7c381eb6083542b124a6c18fae742f55001dc2b5",
        "version" : "2.26.0"
      }
    },
    {
      "identity" : "swift-nio-transport-services",
      "kind" : "remoteSourceControl",
      "location" : "https://github.com/apple/swift-nio-transport-services.git",
      "state" : {
        "revision" : "6cbe0ed2b394f21ab0d46b9f0c50c6be964968ce",
        "version" : "1.20.1"
      }
    },
    {
      "identity" : "swift-numerics",
      "kind" : "remoteSourceControl",
      "location" : "https://github.com/apple/swift-numerics",
      "state" : {
        "revision" : "0a5bc04095a675662cf24757cc0640aa2204253b",
        "version" : "1.0.2"
      }
    },
    {
      "identity" : "swift-package-manager",
      "kind" : "remoteSourceControl",
      "location" : "https://github.com/apple/swift-package-manager.git",
      "state" : {
        "branch" : "swift-5.9-RELEASE",
        "revision" : "2dbd2ee3c87999a1d553d12dc065715b4111ac6b"
      }
    },
    {
      "identity" : "swift-parsing",
      "kind" : "remoteSourceControl",
      "location" : "https://github.com/pointfreeco/swift-parsing.git",
      "state" : {
        "revision" : "a0e7d73f462c1c38c59dc40a3969ac40cea42950",
        "version" : "0.13.0"
      }
    },
    {
      "identity" : "swift-service-lifecycle",
      "kind" : "remoteSourceControl",
      "location" : "https://github.com/swift-server/swift-service-lifecycle.git",
      "state" : {
        "revision" : "12a031bcc1284c64d6b847f5013ffe6dcca964d0",
        "version" : "2.5.0"
      }
    },
    {
      "identity" : "swift-snapshot-testing",
      "kind" : "remoteSourceControl",
      "location" : "https://github.com/pointfreeco/swift-snapshot-testing.git",
      "state" : {
        "revision" : "625ccca8570773dd84a34ee51a81aa2bc5a4f97a",
        "version" : "1.16.0"
      }
    },
    {
      "identity" : "swift-syntax",
      "kind" : "remoteSourceControl",
      "location" : "https://github.com/apple/swift-syntax.git",
      "state" : {
        "revision" : "64889f0c732f210a935a0ad7cda38f77f876262d",
        "version" : "509.1.1"
      }
    },
    {
      "identity" : "swift-system",
      "kind" : "remoteSourceControl",
      "location" : "https://github.com/apple/swift-system.git",
      "state" : {
        "revision" : "836bc4557b74fe6d2660218d56e3ce96aff76574",
        "version" : "1.1.1"
      }
    },
    {
      "identity" : "swift-tools-support-core",
      "kind" : "remoteSourceControl",
      "location" : "https://github.com/apple/swift-tools-support-core.git",
      "state" : {
        "branch" : "release/5.9",
        "revision" : "5665fc7641ce1a971ad06faaa476862b222ef44b"
      }
    },
    {
      "identity" : "swiftopenapi",
      "kind" : "remoteSourceControl",
      "location" : "https://github.com/dankinsoid/SwiftOpenAPI.git",
      "state" : {
        "revision" : "d4ac9379e1f7071844deda554c247c8cb13823ce",
        "version" : "2.20.0"
      }
    },
    {
      "identity" : "swiftprometheus",
      "kind" : "remoteSourceControl",
      "location" : "https://github.com/MrLotU/SwiftPrometheus.git",
      "state" : {
        "revision" : "0d4bb1b93f3f8e1025c6f149a06ede0a075f7916",
        "version" : "1.0.2"
      }
    },
    {
      "identity" : "swiftsoup",
      "kind" : "remoteSourceControl",
      "location" : "https://github.com/scinfu/SwiftSoup.git",
      "state" : {
        "revision" : "028487d4a8a291b2fe1b4392b5425b6172056148",
        "version" : "2.7.2"
      }
    },
    {
      "identity" : "vapor",
      "kind" : "remoteSourceControl",
      "location" : "https://github.com/vapor/vapor.git",
      "state" : {
        "revision" : "3e3d65b05a280aaecdd33e45f71655b5d9118a00",
        "version" : "4.93.2"
      }
    },
    {
      "identity" : "vaportoopenapi",
      "kind" : "remoteSourceControl",
      "location" : "https://github.com/dankinsoid/VaporToOpenAPI.git",
      "state" : {
        "revision" : "1b39bfb75a75c6d27fb3ee09e8d608e135a12a3f",
        "version" : "4.6.6"
      }
    },
    {
      "identity" : "websocket-kit",
      "kind" : "remoteSourceControl",
      "location" : "https://github.com/vapor/websocket-kit.git",
      "state" : {
        "revision" : "4232d34efa49f633ba61afde365d3896fc7f8740",
        "version" : "2.15.0"
      }
    },
    {
      "identity" : "xctest-dynamic-overlay",
      "kind" : "remoteSourceControl",
      "location" : "https://github.com/pointfreeco/xctest-dynamic-overlay",
      "state" : {
        "revision" : "6f30bdba373bbd7fbfe241dddd732651f2fbd1e2",
        "version" : "1.1.2"
      }
    },
    {
      "identity" : "yams",
      "kind" : "remoteSourceControl",
      "location" : "https://github.com/jpsim/Yams.git",
      "state" : {
        "revision" : "0d9ee7ea8c4ebd4a489ad7a73d5c6cad55d6fed3",
        "version" : "5.0.6"
      }
    }
  ],
  "version" : 3
}
