{
  "object": {
    "pins": [
      {
        "package": "async-http-client",
        "repositoryURL": "https://github.com/swift-server/async-http-client.git",
        "state": {
          "branch": null,
          "revision": "037b70291941fe43de668066eb6fb802c5e181d2",
          "version": "1.1.1"
        }
      },
      {
        "package": "async-kit",
        "repositoryURL": "https://github.com/vapor/async-kit.git",
        "state": {
          "branch": null,
          "revision": "8e2cad80dd9f62f0349a2a78ab8c81fb456f4d4a",
          "version": "1.1.1"
        }
      },
      {
        "package": "console-kit",
        "repositoryURL": "https://github.com/vapor/console-kit.git",
        "state": {
          "branch": null,
          "revision": "7a97a5ea7fefe61cf2c943242113125b0f396a98",
          "version": "4.1.0"
        }
      },
      {
        "package": "fluent",
        "repositoryURL": "https://github.com/vapor/fluent.git",
        "state": {
          "branch": null,
          "revision": "55f47ca0afe37a247d1a77d1db3c309de1d3af80",
          "version": "4.0.0-rc.3.1"
        }
      },
      {
        "package": "fluent-kit",
        "repositoryURL": "https://github.com/vapor/fluent-kit.git",
        "state": {
          "branch": null,
          "revision": "2494ff3ad831caae6635edecdd690f4fd8404bb2",
          "version": "1.0.0-rc.2.5"
        }
      },
      {
        "package": "fluent-postgres-driver",
        "repositoryURL": "https://github.com/vapor/fluent-postgres-driver.git",
        "state": {
          "branch": null,
          "revision": "8828d56fe7d9568bf8e779451ccee915f1ac8ab5",
          "version": "2.0.0-rc.3"
        }
      },
      {
        "package": "Ink",
        "repositoryURL": "https://github.com/JohnSundell/Ink.git",
        "state": {
          "branch": null,
          "revision": "bd223a2482449507bd3286cb262c962d32d81e4b",
          "version": "0.5.0"
        }
      },
      {
        "package": "Plot",
        "repositoryURL": "https://github.com/JohnSundell/Plot.git",
        "state": {
          "branch": null,
          "revision": "61e828949ca6f84071bde65c8fc046cf74b7d1a2",
          "version": "0.8.0"
        }
      },
      {
        "package": "postgres-kit",
        "repositoryURL": "https://github.com/vapor/postgres-kit.git",
        "state": {
          "branch": null,
          "revision": "e43a32baec80ebbcfed4d0330d0be50eb73434c7",
          "version": "2.0.1"
        }
      },
      {
        "package": "postgres-nio",
        "repositoryURL": "https://github.com/vapor/postgres-nio.git",
        "state": {
          "branch": null,
          "revision": "25aa31fdd55ea119edee270ce4bd7bd4bd59fdf7",
          "version": "1.1.0"
        }
      },
      {
        "package": "routing-kit",
        "repositoryURL": "https://github.com/vapor/routing-kit.git",
        "state": {
          "branch": null,
          "revision": "e7f2d5bd36dc65a9edb303541cb678515a7fece3",
          "version": "4.1.0"
        }
      },
      {
        "package": "ShellOut",
        "repositoryURL": "https://github.com/JohnSundell/ShellOut.git",
        "state": {
          "branch": null,
          "revision": "e1577acf2b6e90086d01a6d5e2b8efdaae033568",
          "version": "2.3.0"
        }
      },
      {
        "package": "sql-kit",
        "repositoryURL": "https://github.com/vapor/sql-kit.git",
        "state": {
          "branch": null,
          "revision": "3800a6f5fe5cb781420ebe059ff93392bc67cb9c",
          "version": "3.1.0"
        }
      },
      {
        "package": "swift-backtrace",
        "repositoryURL": "https://github.com/swift-server/swift-backtrace.git",
        "state": {
          "branch": null,
          "revision": "f2fd8c4845a123419c348e0bc4b3839c414077d5",
          "version": "1.2.0"
        }
      },
      {
        "package": "swift-crypto",
        "repositoryURL": "https://github.com/apple/swift-crypto.git",
        "state": {
          "branch": null,
          "revision": "9b9d1868601a199334da5d14f4ab2d37d4f8d0c5",
          "version": "1.0.2"
        }
      },
      {
        "package": "swift-log",
        "repositoryURL": "https://github.com/apple/swift-log.git",
        "state": {
          "branch": null,
          "revision": "74d7b91ceebc85daf387ebb206003f78813f71aa",
          "version": "1.2.0"
        }
      },
      {
        "package": "swift-metrics",
        "repositoryURL": "https://github.com/apple/swift-metrics.git",
        "state": {
          "branch": null,
          "revision": "708b960b4605abb20bc55d65abf6bad607252200",
          "version": "2.0.0"
        }
      },
      {
        "package": "swift-nio",
        "repositoryURL": "https://github.com/apple/swift-nio.git",
        "state": {
          "branch": null,
          "revision": "120acb15c39aa3217e9888e515de160378fbcc1e",
          "version": "2.18.0"
        }
      },
      {
        "package": "swift-nio-extras",
        "repositoryURL": "https://github.com/apple/swift-nio-extras.git",
        "state": {
          "branch": null,
          "revision": "7cd24c0efcf9700033f671b6a8eaa64a77dd0b72",
          "version": "1.5.1"
        }
      },
      {
        "package": "swift-nio-http2",
        "repositoryURL": "https://github.com/apple/swift-nio-http2.git",
        "state": {
          "branch": null,
          "revision": "c8f952dbc37fe60def17eb15e2c90787ce6ee78a",
          "version": "1.12.1"
        }
      },
      {
        "package": "swift-nio-ssl",
        "repositoryURL": "https://github.com/apple/swift-nio-ssl.git",
        "state": {
          "branch": null,
          "revision": "9cb641037babeda5031b6ee6078d579c86fd67cb",
          "version": "2.7.4"
        }
      },
      {
        "package": "SnapshotTesting",
        "repositoryURL": "https://github.com/pointfreeco/swift-snapshot-testing.git",
        "state": {
          "branch": null,
          "revision": "114882386a815f4a2e6d8f2f7ee4857acd372438",
          "version": "1.7.2"
        }
      },
      {
        "package": "vapor",
        "repositoryURL": "https://github.com/vapor/vapor.git",
        "state": {
          "branch": null,
          "revision": "4fa7ed40ccb1dc4e1f8739f31e1d3df15681bbdc",
          "version": "4.8.0"
        }
      },
      {
        "package": "websocket-kit",
        "repositoryURL": "https://github.com/vapor/websocket-kit.git",
        "state": {
          "branch": null,
          "revision": "021edd1ca55451ad15b3e84da6b4064e4b877b34",
          "version": "2.1.0"
        }
      }
    ]
  },
  "version": 1
}
