{
  "object": {
    "pins": [
      {
        "package": "async-http-client",
        "repositoryURL": "https://github.com/swift-server/async-http-client.git",
        "state": {
          "branch": null,
          "revision": "4b4d6605aa2e4f0c2ae3c7563795ae3bec259fff",
          "version": "1.2.1"
        }
      },
      {
        "package": "async-kit",
        "repositoryURL": "https://github.com/vapor/async-kit.git",
        "state": {
          "branch": null,
          "revision": "7457413e57dbfac762b32dd30c1caf2c55a02a3d",
          "version": "1.2.0"
        }
      },
      {
        "package": "console-kit",
        "repositoryURL": "https://github.com/vapor/console-kit.git",
        "state": {
          "branch": null,
          "revision": "7454e839bc5ae0e75c3946d2613e442fd342fe6b",
          "version": "4.2.4"
        }
      },
      {
        "package": "fluent",
        "repositoryURL": "https://github.com/vapor/fluent.git",
        "state": {
          "branch": null,
          "revision": "e681c93df3201a2d8ceef15e8a9a0634578df233",
          "version": "4.0.0"
        }
      },
      {
        "package": "fluent-kit",
        "repositoryURL": "https://github.com/vapor/fluent-kit.git",
        "state": {
          "branch": null,
          "revision": "31d96b547cc1f869f2885d932a8a9a7ae2103fc6",
          "version": "1.10.0"
        }
      },
      {
        "package": "fluent-postgres-driver",
        "repositoryURL": "https://github.com/vapor/fluent-postgres-driver.git",
        "state": {
          "branch": null,
          "revision": "0a925f4c62bbd77665653e2dbce7217bbc5a971d",
          "version": "2.1.1"
        }
      },
      {
        "package": "Ink",
        "repositoryURL": "https://github.com/JohnSundell/Ink.git",
        "state": {
          "branch": null,
          "revision": "928ffcfa5edb2f53e3008e95ad2d575821bb1733",
          "version": null
        }
      },
      {
        "package": "libcmark_gfm",
        "repositoryURL": "https://github.com/KristopherGBaker/libcmark_gfm",
        "state": {
          "branch": null,
          "revision": "9e4a9a58b5ef145b1dc08c57fb0428dd950132e6",
          "version": "0.29.3"
        }
      },
      {
        "package": "OhhAuth",
        "repositoryURL": "https://github.com/handya/OhhAuth.git",
        "state": {
          "branch": null,
          "revision": "fd789421370c71f811045b53b7ee14413e24b901",
          "version": "1.4.0"
        }
      },
      {
        "package": "Plot",
        "repositoryURL": "https://github.com/JohnSundell/Plot.git",
        "state": {
          "branch": null,
          "revision": "61e828949ca6f84071bde65c8fc046cf74b7d1a2",
          "version": "0.8.0"
        }
      },
      {
        "package": "postgres-kit",
        "repositoryURL": "https://github.com/vapor/postgres-kit.git",
        "state": {
          "branch": null,
          "revision": "13f6c735cf9a9053011d03e77e2a81802ad6c680",
          "version": "2.3.0"
        }
      },
      {
        "package": "postgres-nio",
        "repositoryURL": "https://github.com/vapor/postgres-nio.git",
        "state": {
          "branch": null,
          "revision": "3cf24967e54e3e63809593273b45b4e8135da6aa",
          "version": "1.4.0"
        }
      },
      {
        "package": "routing-kit",
        "repositoryURL": "https://github.com/vapor/routing-kit.git",
        "state": {
          "branch": null,
          "revision": "4cf052b78aebaf1b23f2264ce04d57b4b6eb5254",
          "version": "4.2.0"
        }
      },
      {
        "package": "SemanticVersion",
        "repositoryURL": "https://github.com/SwiftPackageIndex/SemanticVersion",
        "state": {
          "branch": null,
          "revision": "97f2bd0551cde27717c5ab7b88e23d392e96452b",
          "version": "0.3.1"
        }
      },
      {
        "package": "ShellOut",
        "repositoryURL": "https://github.com/JohnSundell/ShellOut.git",
        "state": {
          "branch": null,
          "revision": "e1577acf2b6e90086d01a6d5e2b8efdaae033568",
          "version": "2.3.0"
        }
      },
      {
        "package": "sql-kit",
        "repositoryURL": "https://github.com/vapor/sql-kit.git",
        "state": {
          "branch": null,
          "revision": "ea9928b7f4a801b175a00b982034d9c54ecb6167",
          "version": "3.7.0"
        }
      },
      {
        "package": "swift-backtrace",
        "repositoryURL": "https://github.com/swift-server/swift-backtrace.git",
        "state": {
          "branch": null,
          "revision": "f2fd8c4845a123419c348e0bc4b3839c414077d5",
          "version": "1.2.0"
        }
      },
      {
        "package": "swift-crypto",
        "repositoryURL": "https://github.com/apple/swift-crypto.git",
        "state": {
          "branch": null,
          "revision": "9680b7251cd2be22caaed8f1468bd9e8915a62fb",
          "version": "1.1.2"
        }
      },
      {
        "package": "swift-log",
        "repositoryURL": "https://github.com/apple/swift-log.git",
        "state": {
          "branch": null,
          "revision": "173f567a2dfec11d74588eea82cecea555bdc0bc",
          "version": "1.4.0"
        }
      },
      {
        "package": "swift-metrics",
        "repositoryURL": "https://github.com/apple/swift-metrics.git",
        "state": {
          "branch": null,
          "revision": "f5ed78cb26019b2b85b016f8aa5b1a3427c8251a",
          "version": "2.1.0"
        }
      },
      {
        "package": "swift-nio",
        "repositoryURL": "https://github.com/apple/swift-nio.git",
        "state": {
          "branch": null,
          "revision": "c3e2359c55cd8b47207ab7363b77c9c398a95294",
          "version": "2.23.0"
        }
      },
      {
        "package": "swift-nio-extras",
        "repositoryURL": "https://github.com/apple/swift-nio-extras.git",
        "state": {
          "branch": null,
          "revision": "e5b5d191a80667a14827bfeb0ae4a511f7677942",
          "version": "1.7.0"
        }
      },
      {
        "package": "swift-nio-http2",
        "repositoryURL": "https://github.com/apple/swift-nio-http2.git",
        "state": {
          "branch": null,
          "revision": "78ddbdfca10f64e4399da37c63372fd8db232152",
          "version": "1.15.0"
        }
      },
      {
        "package": "swift-nio-ssl",
        "repositoryURL": "https://github.com/apple/swift-nio-ssl.git",
        "state": {
          "branch": null,
          "revision": "eb102ad32add8638410e37a69bc815ea11379813",
          "version": "2.10.0"
        }
      },
      {
        "package": "swift-nio-transport-services",
        "repositoryURL": "https://github.com/apple/swift-nio-transport-services.git",
        "state": {
          "branch": null,
          "revision": "bb56586c4cab9a79dce6ec4738baddb5802c5de7",
          "version": "1.9.0"
        }
      },
      {
        "package": "SnapshotTesting",
        "repositoryURL": "https://github.com/pointfreeco/swift-snapshot-testing.git",
        "state": {
          "branch": null,
          "revision": "c466812aa2e22898f27557e2e780d3aad7a27203",
          "version": "1.8.2"
        }
      },
      {
        "package": "SwiftPrometheus",
        "repositoryURL": "https://github.com/MrLotU/SwiftPrometheus.git",
        "state": {
          "branch": null,
          "revision": "fa3d278e1475c1a4274da0a3abafa35daa3dab6b",
          "version": "1.0.0-alpha.7"
        }
      },
      {
        "package": "vapor",
        "repositoryURL": "https://github.com/vapor/vapor.git",
        "state": {
          "branch": null,
          "revision": "b040f90b80ac5906fcf1476a46d360c159f01892",
          "version": "4.35.0"
        }
      },
      {
        "package": "websocket-kit",
        "repositoryURL": "https://github.com/vapor/websocket-kit.git",
        "state": {
          "branch": null,
          "revision": "2b06a70dfcfa76a2e5079f60e3ae911511f09db0",
          "version": "2.1.2"
        }
      }
    ]
  },
  "version": 1
}
