# THIS IS AN AUTOGENERATED FILE. DO NOT EDIT THIS FILE DIRECTLY.
# yarn lockfile v1


"@hotwired/turbo@^7.0.0-beta.4":
  version "7.0.0-beta.5"
  resolved "https://registry.yarnpkg.com/@hotwired/turbo/-/turbo-7.0.0-beta.5.tgz#3167e8e882b9075c5b3b2e2f32432cca2862c61c"
  integrity sha512-z10dI2U/StkMSmnfJUsyez6jrhnitgzjyw2CxE3LnAAzW/TBhvsMYKsVG7Xu337r3gh0r6UwIFWyvvtm3in6gg==

highlight.js@^10.5.0:
  version "10.7.2"
  resolved "https://registry.yarnpkg.com/highlight.js/-/highlight.js-10.7.2.tgz#89319b861edc66c48854ed1e6da21ea89f847360"
  integrity sha512-oFLl873u4usRM9K63j4ME9u3etNF0PLiJhSQ8rdfuL51Wn3zkD6drf9ZW0dOzjnZI22YYG24z30JcmfCZjMgYg==

lodash@^4.17.20:
  version "4.17.21"
  resolved "https://registry.yarnpkg.com/lodash/-/lodash-4.17.21.tgz#679591c564c3bffaae8454cf0b3df370c3d6911c"
  integrity sha512-v2kDEe57lecTulaDIuNTPy3Ry4gLGJ6Z1O3vE1krgXZNrsQ+LFTGHVxVjcXPs17LhbZVGedAJv8XZ1tvj5FvSg==
